// !$*UTF8*$!
{
	archiveVersion = 1;
	classes = {
	};
	objectVersion = 56;
	objects = {

/* Begin PBXBuildFile section */
		CE07855B2B863D9800FF7E8D /* AppDelegate.swift in Sources */ = {isa = PBXBuildFile; fileRef = CE07855A2B863D9800FF7E8D /* AppDelegate.swift */; };
		CE07855D2B863D9800FF7E8D /* SceneDelegate.swift in Sources */ = {isa = PBXBuildFile; fileRef = CE07855C2B863D9800FF7E8D /* SceneDelegate.swift */; };
		CE07855F2B863D9800FF7E8D /* RegistrationViewController.swift in Sources */ = {isa = PBXBuildFile; fileRef = CE07855E2B863D9800FF7E8D /* RegistrationViewController.swift */; };
		CE0785642B863D9A00FF7E8D /* Assets.xcassets in Resources */ = {isa = PBXBuildFile; fileRef = CE0785632B863D9A00FF7E8D /* Assets.xcassets */; };
		CE0785672B863D9A00FF7E8D /* LaunchScreen.storyboard in Resources */ = {isa = PBXBuildFile; fileRef = CE0785652B863D9A00FF7E8D /* LaunchScreen.storyboard */; };
		CE0785722B863FD200FF7E8D /* RegistrationView.swift in Sources */ = {isa = PBXBuildFile; fileRef = CE0785712B863FD200FF7E8D /* RegistrationView.swift */; };
		CE4250AE2B921ED5005CCD48 /* BasketViewCell.swift in Sources */ = {isa = PBXBuildFile; fileRef = CE4250AD2B921ED5005CCD48 /* BasketViewCell.swift */; };
		CE4250B02B922489005CCD48 /* Purchase.swift in Sources */ = {isa = PBXBuildFile; fileRef = CE4250AF2B922489005CCD48 /* Purchase.swift */; };
		CE4F65DF2B8B670D00C4454F /* CollectionContainerViewCellCollectionViewCell.swift in Sources */ = {isa = PBXBuildFile; fileRef = CE4F65DE2B8B670D00C4454F /* CollectionContainerViewCellCollectionViewCell.swift */; };
		CE4F65E92B8F810000C4454F /* NamePriceSizeList.swift in Sources */ = {isa = PBXBuildFile; fileRef = CE4F65E82B8F810000C4454F /* NamePriceSizeList.swift */; };
		CE5ED3D62B8FC5A9009AED2D /* buttonExetention.swift in Sources */ = {isa = PBXBuildFile; fileRef = CE5ED3D52B8FC5A9009AED2D /* buttonExetention.swift */; };
		CE5EEF022B877AD500F5D79D /* textFildExetention.swift in Sources */ = {isa = PBXBuildFile; fileRef = CE5EEF012B877AD500F5D79D /* textFildExetention.swift */; };
		CE5EEF042B877F5200F5D79D /* stackExetention.swift in Sources */ = {isa = PBXBuildFile; fileRef = CE5EEF032B877F5200F5D79D /* stackExetention.swift */; };
		CEDBF3BB2B8A1DF500E2C958 /* ShopViewController.swift in Sources */ = {isa = PBXBuildFile; fileRef = CEDBF3BA2B8A1DF500E2C958 /* ShopViewController.swift */; };
		CEDBF3BD2B8A1E2400E2C958 /* ShopView.swift in Sources */ = {isa = PBXBuildFile; fileRef = CEDBF3BC2B8A1E2400E2C958 /* ShopView.swift */; };
		CEDBF3BF2B8A1F0E00E2C958 /* BasketViewController.swift in Sources */ = {isa = PBXBuildFile; fileRef = CEDBF3BE2B8A1F0E00E2C958 /* BasketViewController.swift */; };
		CEDBF3C12B8A1F3600E2C958 /* BasketView.swift in Sources */ = {isa = PBXBuildFile; fileRef = CEDBF3C02B8A1F3600E2C958 /* BasketView.swift */; };
		CEDBF3C32B8A396500E2C958 /* MainTabBarController.swift in Sources */ = {isa = PBXBuildFile; fileRef = CEDBF3C22B8A396500E2C958 /* MainTabBarController.swift */; };
/* End PBXBuildFile section */

/* Begin PBXFileReference section */
		CE0785572B863D9800FF7E8D /* Project 2.app */ = {isa = PBXFileReference; explicitFileType = wrapper.application; includeInIndex = 0; path = "Project 2.app"; sourceTree = BUILT_PRODUCTS_DIR; };
		CE07855A2B863D9800FF7E8D /* AppDelegate.swift */ = {isa = PBXFileReference; lastKnownFileType = sourcecode.swift; path = AppDelegate.swift; sourceTree = "<group>"; };
		CE07855C2B863D9800FF7E8D /* SceneDelegate.swift */ = {isa = PBXFileReference; lastKnownFileType = sourcecode.swift; path = SceneDelegate.swift; sourceTree = "<group>"; };
		CE07855E2B863D9800FF7E8D /* RegistrationViewController.swift */ = {isa = PBXFileReference; lastKnownFileType = sourcecode.swift; path = RegistrationViewController.swift; sourceTree = "<group>"; };
		CE0785632B863D9A00FF7E8D /* Assets.xcassets */ = {isa = PBXFileReference; lastKnownFileType = folder.assetcatalog; path = Assets.xcassets; sourceTree = "<group>"; };
		CE0785662B863D9A00FF7E8D /* Base */ = {isa = PBXFileReference; lastKnownFileType = file.storyboard; name = Base; path = Base.lproj/LaunchScreen.storyboard; sourceTree = "<group>"; };
		CE0785682B863D9A00FF7E8D /* Info.plist */ = {isa = PBXFileReference; lastKnownFileType = text.plist.xml; path = Info.plist; sourceTree = "<group>"; };
		CE0785712B863FD200FF7E8D /* RegistrationView.swift */ = {isa = PBXFileReference; lastKnownFileType = sourcecode.swift; path = RegistrationView.swift; sourceTree = "<group>"; };
		CE4250AD2B921ED5005CCD48 /* BasketViewCell.swift */ = {isa = PBXFileReference; lastKnownFileType = sourcecode.swift; path = BasketViewCell.swift; sourceTree = "<group>"; };
		CE4250AF2B922489005CCD48 /* Purchase.swift */ = {isa = PBXFileReference; lastKnownFileType = sourcecode.swift; path = Purchase.swift; sourceTree = "<group>"; };
		CE4F65DE2B8B670D00C4454F /* CollectionContainerViewCellCollectionViewCell.swift */ = {isa = PBXFileReference; lastKnownFileType = sourcecode.swift; path = CollectionContainerViewCellCollectionViewCell.swift; sourceTree = "<group>"; };
		CE4F65E82B8F810000C4454F /* NamePriceSizeList.swift */ = {isa = PBXFileReference; lastKnownFileType = sourcecode.swift; path = NamePriceSizeList.swift; sourceTree = "<group>"; };
		CE5ED3D52B8FC5A9009AED2D /* buttonExetention.swift */ = {isa = PBXFileReference; lastKnownFileType = sourcecode.swift; path = buttonExetention.swift; sourceTree = "<group>"; };
		CE5EEF012B877AD500F5D79D /* textFildExetention.swift */ = {isa = PBXFileReference; lastKnownFileType = sourcecode.swift; path = textFildExetention.swift; sourceTree = "<group>"; };
		CE5EEF032B877F5200F5D79D /* stackExetention.swift */ = {isa = PBXFileReference; lastKnownFileType = sourcecode.swift; path = stackExetention.swift; sourceTree = "<group>"; };
		CEDBF3BA2B8A1DF500E2C958 /* ShopViewController.swift */ = {isa = PBXFileReference; lastKnownFileType = sourcecode.swift; path = ShopViewController.swift; sourceTree = "<group>"; };
		CEDBF3BC2B8A1E2400E2C958 /* ShopView.swift */ = {isa = PBXFileReference; lastKnownFileType = sourcecode.swift; path = ShopView.swift; sourceTree = "<group>"; };
		CEDBF3BE2B8A1F0E00E2C958 /* BasketViewController.swift */ = {isa = PBXFileReference; lastKnownFileType = sourcecode.swift; path = BasketViewController.swift; sourceTree = "<group>"; };
		CEDBF3C02B8A1F3600E2C958 /* BasketView.swift */ = {isa = PBXFileReference; lastKnownFileType = sourcecode.swift; path = BasketView.swift; sourceTree = "<group>"; };
		CEDBF3C22B8A396500E2C958 /* MainTabBarController.swift */ = {isa = PBXFileReference; lastKnownFileType = sourcecode.swift; path = MainTabBarController.swift; sourceTree = "<group>"; };
/* End PBXFileReference section */

/* Begin PBXFrameworksBuildPhase section */
		CE0785542B863D9800FF7E8D /* Frameworks */ = {
			isa = PBXFrameworksBuildPhase;
			buildActionMask = 2147483647;
			files = (
			);
			runOnlyForDeploymentPostprocessing = 0;
		};
/* End PBXFrameworksBuildPhase section */

/* Begin PBXGroup section */
		CE07854E2B863D9800FF7E8D = {
			isa = PBXGroup;
			children = (
				CE0785592B863D9800FF7E8D /* Project 2 */,
				CE0785582B863D9800FF7E8D /* Products */,
			);
			sourceTree = "<group>";
		};
		CE0785582B863D9800FF7E8D /* Products */ = {
			isa = PBXGroup;
			children = (
				CE0785572B863D9800FF7E8D /* Project 2.app */,
			);
			name = Products;
			sourceTree = "<group>";
		};
		CE0785592B863D9800FF7E8D /* Project 2 */ = {
			isa = PBXGroup;
			children = (
				CE0785732B86435F00FF7E8D /* Exetentions */,
				CE0785702B863F8E00FF7E8D /* Model */,
				CE07856F2B863F6600FF7E8D /* View */,
				CE07856E2B863EB700FF7E8D /* Controllers */,
				CE0785632B863D9A00FF7E8D /* Assets.xcassets */,
				CE0785652B863D9A00FF7E8D /* LaunchScreen.storyboard */,
				CE0785682B863D9A00FF7E8D /* Info.plist */,
			);
			path = "Project 2";
			sourceTree = "<group>";
		};
		CE07856E2B863EB700FF7E8D /* Controllers */ = {
			isa = PBXGroup;
			children = (
				CE07855A2B863D9800FF7E8D /* AppDelegate.swift */,
				CE07855C2B863D9800FF7E8D /* SceneDelegate.swift */,
				CEDBF3C22B8A396500E2C958 /* MainTabBarController.swift */,
				CE4F65E32B8B73D700C4454F /* Registration */,
				CE4F65E42B8B73FF00C4454F /* Shop */,
				CE4F65E52B8B741000C4454F /* Basket */,
			);
			path = Controllers;
			sourceTree = "<group>";
		};
		CE07856F2B863F6600FF7E8D /* View */ = {
			isa = PBXGroup;
			children = (
				CE4F65E22B8B739700C4454F /* Basket */,
				CE4F65E02B8B735900C4454F /* Registration */,
				CE4F65E12B8B738400C4454F /* Shop */,
			);
			path = View;
			sourceTree = "<group>";
		};
		CE0785702B863F8E00FF7E8D /* Model */ = {
			isa = PBXGroup;
			children = (
				CE4F65E82B8F810000C4454F /* NamePriceSizeList.swift */,
				CE4250AF2B922489005CCD48 /* Purchase.swift */,
			);
			path = Model;
			sourceTree = "<group>";
		};
		CE0785732B86435F00FF7E8D /* Exetentions */ = {
			isa = PBXGroup;
			children = (
				CE5EEF012B877AD500F5D79D /* textFildExetention.swift */,
				CE5EEF032B877F5200F5D79D /* stackExetention.swift */,
				CE5ED3D52B8FC5A9009AED2D /* buttonExetention.swift */,
			);
			path = Exetentions;
			sourceTree = "<group>";
		};
		CE4F65E02B8B735900C4454F /* Registration */ = {
			isa = PBXGroup;
			children = (
				CE0785712B863FD200FF7E8D /* RegistrationView.swift */,
			);
			path = Registration;
			sourceTree = "<group>";
		};
		CE4F65E12B8B738400C4454F /* Shop */ = {
			isa = PBXGroup;
			children = (
				CE4F65DE2B8B670D00C4454F /* CollectionContainerViewCellCollectionViewCell.swift */,
				CEDBF3BC2B8A1E2400E2C958 /* ShopView.swift */,
			);
			path = Shop;
			sourceTree = "<group>";
		};
		CE4F65E22B8B739700C4454F /* Basket */ = {
			isa = PBXGroup;
			children = (
				CEDBF3C02B8A1F3600E2C958 /* BasketView.swift */,
				CE4250AD2B921ED5005CCD48 /* BasketViewCell.swift */,
			);
			path = Basket;
			sourceTree = "<group>";
		};
		CE4F65E32B8B73D700C4454F /* Registration */ = {
			isa = PBXGroup;
			children = (
				CE07855E2B863D9800FF7E8D /* RegistrationViewController.swift */,
			);
			path = Registration;
			sourceTree = "<group>";
		};
		CE4F65E42B8B73FF00C4454F /* Shop */ = {
			isa = PBXGroup;
			children = (
				CEDBF3BA2B8A1DF500E2C958 /* ShopViewController.swift */,
			);
			path = Shop;
			sourceTree = "<group>";
		};
		CE4F65E52B8B741000C4454F /* Basket */ = {
			isa = PBXGroup;
			children = (
				CEDBF3BE2B8A1F0E00E2C958 /* BasketViewController.swift */,
			);
			path = Basket;
			sourceTree = "<group>";
		};
/* End PBXGroup section */

/* Begin PBXNativeTarget section */
		CE0785562B863D9800FF7E8D /* Project 2 */ = {
			isa = PBXNativeTarget;
			buildConfigurationList = CE07856B2B863D9A00FF7E8D /* Build configuration list for PBXNativeTarget "Project 2" */;
			buildPhases = (
				CE0785532B863D9800FF7E8D /* Sources */,
				CE0785542B863D9800FF7E8D /* Frameworks */,
				CE0785552B863D9800FF7E8D /* Resources */,
			);
			buildRules = (
			);
			dependencies = (
			);
			name = "Project 2";
			productName = "Project 2";
			productReference = CE0785572B863D9800FF7E8D /* Project 2.app */;
			productType = "com.apple.product-type.application";
		};
/* End PBXNativeTarget section */

/* Begin PBXProject section */
		CE07854F2B863D9800FF7E8D /* Project object */ = {
			isa = PBXProject;
			attributes = {
				BuildIndependentTargetsInParallel = 1;
				LastSwiftUpdateCheck = 1400;
				LastUpgradeCheck = 1400;
				TargetAttributes = {
					CE0785562B863D9800FF7E8D = {
						CreatedOnToolsVersion = 14.0.1;
					};
				};
			};
			buildConfigurationList = CE0785522B863D9800FF7E8D /* Build configuration list for PBXProject "Project 2" */;
			compatibilityVersion = "Xcode 14.0";
			developmentRegion = en;
			hasScannedForEncodings = 0;
			knownRegions = (
				en,
				Base,
			);
			mainGroup = CE07854E2B863D9800FF7E8D;
			productRefGroup = CE0785582B863D9800FF7E8D /* Products */;
			projectDirPath = "";
			projectRoot = "";
			targets = (
				CE0785562B863D9800FF7E8D /* Project 2 */,
			);
		};
/* End PBXProject section */

/* Begin PBXResourcesBuildPhase section */
		CE0785552B863D9800FF7E8D /* Resources */ = {
			isa = PBXResourcesBuildPhase;
			buildActionMask = 2147483647;
			files = (
				CE0785672B863D9A00FF7E8D /* LaunchScreen.storyboard in Resources */,
				CE0785642B863D9A00FF7E8D /* Assets.xcassets in Resources */,
			);
			runOnlyForDeploymentPostprocessing = 0;
		};
/* End PBXResourcesBuildPhase section */

/* Begin PBXSourcesBuildPhase section */
		CE0785532B863D9800FF7E8D /* Sources */ = {
			isa = PBXSourcesBuildPhase;
			buildActionMask = 2147483647;
			files = (
				CEDBF3C12B8A1F3600E2C958 /* BasketView.swift in Sources */,
				CEDBF3BF2B8A1F0E00E2C958 /* BasketViewController.swift in Sources */,
				CEDBF3C32B8A396500E2C958 /* MainTabBarController.swift in Sources */,
				CE07855F2B863D9800FF7E8D /* RegistrationViewController.swift in Sources */,
				CE4250AE2B921ED5005CCD48 /* BasketViewCell.swift in Sources */,
				CE4F65E92B8F810000C4454F /* NamePriceSizeList.swift in Sources */,
				CE07855B2B863D9800FF7E8D /* AppDelegate.swift in Sources */,
				CE07855D2B863D9800FF7E8D /* SceneDelegate.swift in Sources */,
				CE4250B02B922489005CCD48 /* Purchase.swift in Sources */,
				CE5EEF022B877AD500F5D79D /* textFildExetention.swift in Sources */,
				CE0785722B863FD200FF7E8D /* RegistrationView.swift in Sources */,
				CEDBF3BB2B8A1DF500E2C958 /* ShopViewController.swift in Sources */,
				CEDBF3BD2B8A1E2400E2C958 /* ShopView.swift in Sources */,
				CE5EEF042B877F5200F5D79D /* stackExetention.swift in Sources */,
				CE5ED3D62B8FC5A9009AED2D /* buttonExetention.swift in Sources */,
				CE4F65DF2B8B670D00C4454F /* CollectionContainerViewCellCollectionViewCell.swift in Sources */,
			);
			runOnlyForDeploymentPostprocessing = 0;
		};
/* End PBXSourcesBuildPhase section */

/* Begin PBXVariantGroup section */
		CE0785652B863D9A00FF7E8D /* LaunchScreen.storyboard */ = {
			isa = PBXVariantGroup;
			children = (
				CE0785662B863D9A00FF7E8D /* Base */,
			);
			name = LaunchScreen.storyboard;
			sourceTree = "<group>";
		};
/* End PBXVariantGroup section */

/* Begin XCBuildConfiguration section */
		CE0785692B863D9A00FF7E8D /* Debug */ = {
			isa = XCBuildConfiguration;
			buildSettings = {
				ALWAYS_SEARCH_USER_PATHS = NO;
				CLANG_ANALYZER_NONNULL = YES;
				CLANG_ANALYZER_NUMBER_OBJECT_CONVERSION = YES_AGGRESSIVE;
				CLANG_CXX_LANGUAGE_STANDARD = "gnu++20";
				CLANG_ENABLE_MODULES = YES;
				CLANG_ENABLE_OBJC_ARC = YES;
				CLANG_ENABLE_OBJC_WEAK = YES;
				CLANG_WARN_BLOCK_CAPTURE_AUTORELEASING = YES;
				CLANG_WARN_BOOL_CONVERSION = YES;
				CLANG_WARN_COMMA = YES;
				CLANG_WARN_CONSTANT_CONVERSION = YES;
				CLANG_WARN_DEPRECATED_OBJC_IMPLEMENTATIONS = YES;
				CLANG_WARN_DIRECT_OBJC_ISA_USAGE = YES_ERROR;
				CLANG_WARN_DOCUMENTATION_COMMENTS = YES;
				CLANG_WARN_EMPTY_BODY = YES;
				CLANG_WARN_ENUM_CONVERSION = YES;
				CLANG_WARN_INFINITE_RECURSION = YES;
				CLANG_WARN_INT_CONVERSION = YES;
				CLANG_WARN_NON_LITERAL_NULL_CONVERSION = YES;
				CLANG_WARN_OBJC_IMPLICIT_RETAIN_SELF = YES;
				CLANG_WARN_OBJC_LITERAL_CONVERSION = YES;
				CLANG_WARN_OBJC_ROOT_CLASS = YES_ERROR;
				CLANG_WARN_QUOTED_INCLUDE_IN_FRAMEWORK_HEADER = YES;
				CLANG_WARN_RANGE_LOOP_ANALYSIS = YES;
				CLANG_WARN_STRICT_PROTOTYPES = YES;
				CLANG_WARN_SUSPICIOUS_MOVE = YES;
				CLANG_WARN_UNGUARDED_AVAILABILITY = YES_AGGRESSIVE;
				CLANG_WARN_UNREACHABLE_CODE = YES;
				CLANG_WARN__DUPLICATE_METHOD_MATCH = YES;
				COPY_PHASE_STRIP = NO;
				DEBUG_INFORMATION_FORMAT = dwarf;
				ENABLE_STRICT_OBJC_MSGSEND = YES;
				ENABLE_TESTABILITY = YES;
				GCC_C_LANGUAGE_STANDARD = gnu11;
				GCC_DYNAMIC_NO_PIC = NO;
				GCC_NO_COMMON_BLOCKS = YES;
				GCC_OPTIMIZATION_LEVEL = 0;
				GCC_PREPROCESSOR_DEFINITIONS = (
					"DEBUG=1",
					"$(inherited)",
				);
				GCC_WARN_64_TO_32_BIT_CONVERSION = YES;
				GCC_WARN_ABOUT_RETURN_TYPE = YES_ERROR;
				GCC_WARN_UNDECLARED_SELECTOR = YES;
				GCC_WARN_UNINITIALIZED_AUTOS = YES_AGGRESSIVE;
				GCC_WARN_UNUSED_FUNCTION = YES;
				GCC_WARN_UNUSED_VARIABLE = YES;
				IPHONEOS_DEPLOYMENT_TARGET = 16.0;
				MTL_ENABLE_DEBUG_INFO = INCLUDE_SOURCE;
				MTL_FAST_MATH = YES;
				ONLY_ACTIVE_ARCH = YES;
				SDKROOT = iphoneos;
				SWIFT_ACTIVE_COMPILATION_CONDITIONS = DEBUG;
				SWIFT_OPTIMIZATION_LEVEL = "-Onone";
			};
			name = Debug;
		};
		CE07856A2B863D9A00FF7E8D /* Release */ = {
			isa = XCBuildConfiguration;
			buildSettings = {
				ALWAYS_SEARCH_USER_PATHS = NO;
				CLANG_ANALYZER_NONNULL = YES;
				CLANG_ANALYZER_NUMBER_OBJECT_CONVERSION = YES_AGGRESSIVE;
				CLANG_CXX_LANGUAGE_STANDARD = "gnu++20";
				CLANG_ENABLE_MODULES = YES;
				CLANG_ENABLE_OBJC_ARC = YES;
				CLANG_ENABLE_OBJC_WEAK = YES;
				CLANG_WARN_BLOCK_CAPTURE_AUTORELEASING = YES;
				CLANG_WARN_BOOL_CONVERSION = YES;
				CLANG_WARN_COMMA = YES;
				CLANG_WARN_CONSTANT_CONVERSION = YES;
				CLANG_WARN_DEPRECATED_OBJC_IMPLEMENTATIONS = YES;
				CLANG_WARN_DIRECT_OBJC_ISA_USAGE = YES_ERROR;
				CLANG_WARN_DOCUMENTATION_COMMENTS = YES;
				CLANG_WARN_EMPTY_BODY = YES;
				CLANG_WARN_ENUM_CONVERSION = YES;
				CLANG_WARN_INFINITE_RECURSION = YES;
				CLANG_WARN_INT_CONVERSION = YES;
				CLANG_WARN_NON_LITERAL_NULL_CONVERSION = YES;
				CLANG_WARN_OBJC_IMPLICIT_RETAIN_SELF = YES;
				CLANG_WARN_OBJC_LITERAL_CONVERSION = YES;
				CLANG_WARN_OBJC_ROOT_CLASS = YES_ERROR;
				CLANG_WARN_QUOTED_INCLUDE_IN_FRAMEWORK_HEADER = YES;
				CLANG_WARN_RANGE_LOOP_ANALYSIS = YES;
				CLANG_WARN_STRICT_PROTOTYPES = YES;
				CLANG_WARN_SUSPICIOUS_MOVE = YES;
				CLANG_WARN_UNGUARDED_AVAILABILITY = YES_AGGRESSIVE;
				CLANG_WARN_UNREACHABLE_CODE = YES;
				CLANG_WARN__DUPLICATE_METHOD_MATCH = YES;
				COPY_PHASE_STRIP = NO;
				DEBUG_INFORMATION_FORMAT = "dwarf-with-dsym";
				ENABLE_NS_ASSERTIONS = NO;
				ENABLE_STRICT_OBJC_MSGSEND = YES;
				GCC_C_LANGUAGE_STANDARD = gnu11;
				GCC_NO_COMMON_BLOCKS = YES;
				GCC_WARN_64_TO_32_BIT_CONVERSION = YES;
				GCC_WARN_ABOUT_RETURN_TYPE = YES_ERROR;
				GCC_WARN_UNDECLARED_SELECTOR = YES;
				GCC_WARN_UNINITIALIZED_AUTOS = YES_AGGRESSIVE;
				GCC_WARN_UNUSED_FUNCTION = YES;
				GCC_WARN_UNUSED_VARIABLE = YES;
				IPHONEOS_DEPLOYMENT_TARGET = 16.0;
				MTL_ENABLE_DEBUG_INFO = NO;
				MTL_FAST_MATH = YES;
				SDKROOT = iphoneos;
				SWIFT_COMPILATION_MODE = wholemodule;
				SWIFT_OPTIMIZATION_LEVEL = "-O";
				VALIDATE_PRODUCT = YES;
			};
			name = Release;
		};
		CE07856C2B863D9A00FF7E8D /* Debug */ = {
			isa = XCBuildConfiguration;
			buildSettings = {
				ASSETCATALOG_COMPILER_APPICON_NAME = AppIcon;
				ASSETCATALOG_COMPILER_GLOBAL_ACCENT_COLOR_NAME = AccentColor;
				CODE_SIGN_STYLE = Automatic;
				CURRENT_PROJECT_VERSION = 1;
				GENERATE_INFOPLIST_FILE = YES;
				INFOPLIST_FILE = "Project 2/Info.plist";
				INFOPLIST_KEY_UIApplicationSupportsIndirectInputEvents = YES;
				INFOPLIST_KEY_UILaunchStoryboardName = LaunchScreen;
				INFOPLIST_KEY_UISupportedInterfaceOrientations_iPad = "UIInterfaceOrientationPortrait UIInterfaceOrientationPortraitUpsideDown UIInterfaceOrientationLandscapeLeft UIInterfaceOrientationLandscapeRight";
				INFOPLIST_KEY_UISupportedInterfaceOrientations_iPhone = "UIInterfaceOrientationPortrait UIInterfaceOrientationLandscapeLeft UIInterfaceOrientationLandscapeRight";
				LD_RUNPATH_SEARCH_PATHS = (
					"$(inherited)",
					"@executable_path/Frameworks",
				);
				MARKETING_VERSION = 1.0;
				PRODUCT_BUNDLE_IDENTIFIER = "com.Netology-IB-Instruments.Project-2";
				PRODUCT_NAME = "$(TARGET_NAME)";
				SWIFT_EMIT_LOC_STRINGS = YES;
				SWIFT_VERSION = 5.0;
				TARGETED_DEVICE_FAMILY = "1,2";
			};
			name = Debug;
		};
		CE07856D2B863D9A00FF7E8D /* Release */ = {
			isa = XCBuildConfiguration;
			buildSettings = {
				ASSETCATALOG_COMPILER_APPICON_NAME = AppIcon;
				ASSETCATALOG_COMPILER_GLOBAL_ACCENT_COLOR_NAME = AccentColor;
				CODE_SIGN_STYLE = Automatic;
				CURRENT_PROJECT_VERSION = 1;
				GENERATE_INFOPLIST_FILE = YES;
				INFOPLIST_FILE = "Project 2/Info.plist";
				INFOPLIST_KEY_UIApplicationSupportsIndirectInputEvents = YES;
				INFOPLIST_KEY_UILaunchStoryboardName = LaunchScreen;
				INFOPLIST_KEY_UISupportedInterfaceOrientations_iPad = "UIInterfaceOrientationPortrait UIInterfaceOrientationPortraitUpsideDown UIInterfaceOrientationLandscapeLeft UIInterfaceOrientationLandscapeRight";
				INFOPLIST_KEY_UISupportedInterfaceOrientations_iPhone = "UIInterfaceOrientationPortrait UIInterfaceOrientationLandscapeLeft UIInterfaceOrientationLandscapeRight";
				LD_RUNPATH_SEARCH_PATHS = (
					"$(inherited)",
					"@executable_path/Frameworks",
				);
				MARKETING_VERSION = 1.0;
				PRODUCT_BUNDLE_IDENTIFIER = "com.Netology-IB-Instruments.Project-2";
				PRODUCT_NAME = "$(TARGET_NAME)";
				SWIFT_EMIT_LOC_STRINGS = YES;
				SWIFT_VERSION = 5.0;
				TARGETED_DEVICE_FAMILY = "1,2";
			};
			name = Release;
		};
/* End XCBuildConfiguration section */

/* Begin XCConfigurationList section */
		CE0785522B863D9800FF7E8D /* Build configuration list for PBXProject "Project 2" */ = {
			isa = XCConfigurationList;
			buildConfigurations = (
				CE0785692B863D9A00FF7E8D /* Debug */,
				CE07856A2B863D9A00FF7E8D /* Release */,
			);
			defaultConfigurationIsVisible = 0;
			defaultConfigurationName = Release;
		};
		CE07856B2B863D9A00FF7E8D /* Build configuration list for PBXNativeTarget "Project 2" */ = {
			isa = XCConfigurationList;
			buildConfigurations = (
				CE07856C2B863D9A00FF7E8D /* Debug */,
				CE07856D2B863D9A00FF7E8D /* Release */,
			);
			defaultConfigurationIsVisible = 0;
			defaultConfigurationName = Release;
		};
/* End XCConfigurationList section */
	};
	rootObject = CE07854F2B863D9800FF7E8D /* Project object */;
}
